// !$*UTF8*$!
{
	archiveVersion = 1;
	classes = {
	};
	objectVersion = 46;
	objects = {

/* Begin PBXBuildFile section */
		CEDBCC8F1ABFBE48007B204D /* main.m in Sources */ = {isa = PBXBuildFile; fileRef = CEDBCC8E1ABFBE48007B204D /* main.m */; };
		CEDBCC921ABFBE48007B204D /* AppDelegate.m in Sources */ = {isa = PBXBuildFile; fileRef = CEDBCC911ABFBE48007B204D /* AppDelegate.m */; };
		CEDBCC951ABFBE48007B204D /* ViewController.m in Sources */ = {isa = PBXBuildFile; fileRef = CEDBCC941ABFBE48007B204D /* ViewController.m */; };
		CEDBCC981ABFBE48007B204D /* Main.storyboard in Resources */ = {isa = PBXBuildFile; fileRef = CEDBCC961ABFBE48007B204D /* Main.storyboard */; };
		CEDBCC9A1ABFBE48007B204D /* Images.xcassets in Resources */ = {isa = PBXBuildFile; fileRef = CEDBCC991ABFBE48007B204D /* Images.xcassets */; };
		CEDBCC9D1ABFBE48007B204D /* LaunchScreen.xib in Resources */ = {isa = PBXBuildFile; fileRef = CEDBCC9B1ABFBE48007B204D /* LaunchScreen.xib */; };
		CEDBCCA91ABFBE49007B204D /* proBufferDemoTests.m in Sources */ = {isa = PBXBuildFile; fileRef = CEDBCCA81ABFBE49007B204D /* proBufferDemoTests.m */; };
/* End PBXBuildFile section */

/* Begin PBXContainerItemProxy section */
		CEDBCCA31ABFBE49007B204D /* PBXContainerItemProxy */ = {
			isa = PBXContainerItemProxy;
			containerPortal = CEDBCC811ABFBE48007B204D /* Project object */;
			proxyType = 1;
			remoteGlobalIDString = CEDBCC881ABFBE48007B204D;
			remoteInfo = proBufferDemo;
		};
/* End PBXContainerItemProxy section */

/* Begin PBXFileReference section */
		CEDBCC891ABFBE48007B204D /* proBufferDemo.app */ = {isa = PBXFileReference; explicitFileType = wrapper.application; includeInIndex = 0; path = proBufferDemo.app; sourceTree = BUILT_PRODUCTS_DIR; };
		CEDBCC8D1ABFBE48007B204D /* Info.plist */ = {isa = PBXFileReference; lastKnownFileType = text.plist.xml; path = Info.plist; sourceTree = "<group>"; };
		CEDBCC8E1ABFBE48007B204D /* main.m */ = {isa = PBXFileReference; lastKnownFileType = sourcecode.c.objc; path = main.m; sourceTree = "<group>"; };
		CEDBCC901ABFBE48007B204D /* AppDelegate.h */ = {isa = PBXFileReference; lastKnownFileType = sourcecode.c.h; path = AppDelegate.h; sourceTree = "<group>"; };
		CEDBCC911ABFBE48007B204D /* AppDelegate.m */ = {isa = PBXFileReference; lastKnownFileType = sourcecode.c.objc; path = AppDelegate.m; sourceTree = "<group>"; };
		CEDBCC931ABFBE48007B204D /* ViewController.h */ = {isa = PBXFileReference; lastKnownFileType = sourcecode.c.h; path = ViewController.h; sourceTree = "<group>"; };
		CEDBCC941ABFBE48007B204D /* ViewController.m */ = {isa = PBXFileReference; lastKnownFileType = sourcecode.c.objc; path = ViewController.m; sourceTree = "<group>"; };
		CEDBCC971ABFBE48007B204D /* Base */ = {isa = PBXFileReference; lastKnownFileType = file.storyboard; name = Base; path = Base.lproj/Main.storyboard; sourceTree = "<group>"; };
		CEDBCC991ABFBE48007B204D /* Images.xcassets */ = {isa = PBXFileReference; lastKnownFileType = folder.assetcatalog; path = Images.xcassets; sourceTree = "<group>"; };
		CEDBCC9C1ABFBE48007B204D /* Base */ = {isa = PBXFileReference; lastKnownFileType = file.xib; name = Base; path = Base.lproj/LaunchScreen.xib; sourceTree = "<group>"; };
		CEDBCCA21ABFBE49007B204D /* proBufferDemoTests.xctest */ = {isa = PBXFileReference; explicitFileType = wrapper.cfbundle; includeInIndex = 0; path = proBufferDemoTests.xctest; sourceTree = BUILT_PRODUCTS_DIR; };
		CEDBCCA71ABFBE49007B204D /* Info.plist */ = {isa = PBXFileReference; lastKnownFileType = text.plist.xml; path = Info.plist; sourceTree = "<group>"; };
		CEDBCCA81ABFBE49007B204D /* proBufferDemoTests.m */ = {isa = PBXFileReference; lastKnownFileType = sourcecode.c.objc; path = proBufferDemoTests.m; sourceTree = "<group>"; };
/* End PBXFileReference section */

/* Begin PBXFrameworksBuildPhase section */
		CEDBCC861ABFBE48007B204D /* Frameworks */ = {
			isa = PBXFrameworksBuildPhase;
			buildActionMask = 2147483647;
			files = (
			);
			runOnlyForDeploymentPostprocessing = 0;
		};
		CEDBCC9F1ABFBE49007B204D /* Frameworks */ = {
			isa = PBXFrameworksBuildPhase;
			buildActionMask = 2147483647;
			files = (
			);
			runOnlyForDeploymentPostprocessing = 0;
		};
/* End PBXFrameworksBuildPhase section */

/* Begin PBXGroup section */
		CEDBCC801ABFBE48007B204D = {
			isa = PBXGroup;
			children = (
				CEDBCC8B1ABFBE48007B204D /* proBufferDemo */,
				CEDBCCA51ABFBE49007B204D /* proBufferDemoTests */,
				CEDBCC8A1ABFBE48007B204D /* Products */,
			);
			sourceTree = "<group>";
		};
		CEDBCC8A1ABFBE48007B204D /* Products */ = {
			isa = PBXGroup;
			children = (
				CEDBCC891ABFBE48007B204D /* proBufferDemo.app */,
				CEDBCCA21ABFBE49007B204D /* proBufferDemoTests.xctest */,
			);
			name = Products;
			sourceTree = "<group>";
		};
		CEDBCC8B1ABFBE48007B204D /* proBufferDemo */ = {
			isa = PBXGroup;
			children = (
				CEDBCC901ABFBE48007B204D /* AppDelegate.h */,
				CEDBCC911ABFBE48007B204D /* AppDelegate.m */,
				CEDBCC931ABFBE48007B204D /* ViewController.h */,
				CEDBCC941ABFBE48007B204D /* ViewController.m */,
				CEDBCC961ABFBE48007B204D /* Main.storyboard */,
				CEDBCC991ABFBE48007B204D /* Images.xcassets */,
				CEDBCC9B1ABFBE48007B204D /* LaunchScreen.xib */,
				CEDBCC8C1ABFBE48007B204D /* Supporting Files */,
			);
			path = proBufferDemo;
			sourceTree = "<group>";
		};
		CEDBCC8C1ABFBE48007B204D /* Supporting Files */ = {
			isa = PBXGroup;
			children = (
				CEDBCC8D1ABFBE48007B204D /* Info.plist */,
				CEDBCC8E1ABFBE48007B204D /* main.m */,
			);
			name = "Supporting Files";
			sourceTree = "<group>";
		};
		CEDBCCA51ABFBE49007B204D /* proBufferDemoTests */ = {
			isa = PBXGroup;
			children = (
				CEDBCCA81ABFBE49007B204D /* proBufferDemoTests.m */,
				CEDBCCA61ABFBE49007B204D /* Supporting Files */,
			);
			path = proBufferDemoTests;
			sourceTree = "<group>";
		};
		CEDBCCA61ABFBE49007B204D /* Supporting Files */ = {
			isa = PBXGroup;
			children = (
				CEDBCCA71ABFBE49007B204D /* Info.plist */,
			);
			name = "Supporting Files";
			sourceTree = "<group>";
		};
/* End PBXGroup section */

/* Begin PBXNativeTarget section */
		CEDBCC881ABFBE48007B204D /* proBufferDemo */ = {
			isa = PBXNativeTarget;
			buildConfigurationList = CEDBCCAC1ABFBE49007B204D /* Build configuration list for PBXNativeTarget "proBufferDemo" */;
			buildPhases = (
				CEDBCC851ABFBE48007B204D /* Sources */,
				CEDBCC861ABFBE48007B204D /* Frameworks */,
				CEDBCC871ABFBE48007B204D /* Resources */,
			);
			buildRules = (
			);
			dependencies = (
			);
			name = proBufferDemo;
			productName = proBufferDemo;
			productReference = CEDBCC891ABFBE48007B204D /* proBufferDemo.app */;
			productType = "com.apple.product-type.application";
		};
		CEDBCCA11ABFBE49007B204D /* proBufferDemoTests */ = {
			isa = PBXNativeTarget;
			buildConfigurationList = CEDBCCAF1ABFBE49007B204D /* Build configuration list for PBXNativeTarget "proBufferDemoTests" */;
			buildPhases = (
				CEDBCC9E1ABFBE49007B204D /* Sources */,
				CEDBCC9F1ABFBE49007B204D /* Frameworks */,
				CEDBCCA01ABFBE49007B204D /* Resources */,
			);
			buildRules = (
			);
			dependencies = (
				CEDBCCA41ABFBE49007B204D /* PBXTargetDependency */,
			);
			name = proBufferDemoTests;
			productName = proBufferDemoTests;
			productReference = CEDBCCA21ABFBE49007B204D /* proBufferDemoTests.xctest */;
			productType = "com.apple.product-type.bundle.unit-test";
		};
/* End PBXNativeTarget section */

/* Begin PBXProject section */
		CEDBCC811ABFBE48007B204D /* Project object */ = {
			isa = PBXProject;
			attributes = {
				LastUpgradeCheck = 0620;
				ORGANIZATIONNAME = handsem;
				TargetAttributes = {
					CEDBCC881ABFBE48007B204D = {
						CreatedOnToolsVersion = 6.2;
					};
					CEDBCCA11ABFBE49007B204D = {
						CreatedOnToolsVersion = 6.2;
						TestTargetID = CEDBCC881ABFBE48007B204D;
					};
				};
			};
			buildConfigurationList = CEDBCC841ABFBE48007B204D /* Build configuration list for PBXProject "proBufferDemo" */;
			compatibilityVersion = "Xcode 3.2";
			developmentRegion = English;
			hasScannedForEncodings = 0;
			knownRegions = (
				en,
				Base,
			);
			mainGroup = CEDBCC801ABFBE48007B204D;
			productRefGroup = CEDBCC8A1ABFBE48007B204D /* Products */;
			projectDirPath = "";
			projectRoot = "";
			targets = (
				CEDBCC881ABFBE48007B204D /* proBufferDemo */,
				CEDBCCA11ABFBE49007B204D /* proBufferDemoTests */,
			);
		};
/* End PBXProject section */

/* Begin PBXResourcesBuildPhase section */
		CEDBCC871ABFBE48007B204D /* Resources */ = {
			isa = PBXResourcesBuildPhase;
			buildActionMask = 2147483647;
			files = (
				CEDBCC981ABFBE48007B204D /* Main.storyboard in Resources */,
				CEDBCC9D1ABFBE48007B204D /* LaunchScreen.xib in Resources */,
				CEDBCC9A1ABFBE48007B204D /* Images.xcassets in Resources */,
			);
			runOnlyForDeploymentPostprocessing = 0;
		};
		CEDBCCA01ABFBE49007B204D /* Resources */ = {
			isa = PBXResourcesBuildPhase;
			buildActionMask = 2147483647;
			files = (
			);
			runOnlyForDeploymentPostprocessing = 0;
		};
/* End PBXResourcesBuildPhase section */

/* Begin PBXSourcesBuildPhase section */
		CEDBCC851ABFBE48007B204D /* Sources */ = {
			isa = PBXSourcesBuildPhase;
			buildActionMask = 2147483647;
			files = (
				CEDBCC951ABFBE48007B204D /* ViewController.m in Sources */,
				CEDBCC921ABFBE48007B204D /* AppDelegate.m in Sources */,
				CEDBCC8F1ABFBE48007B204D /* main.m in Sources */,
			);
			runOnlyForDeploymentPostprocessing = 0;
		};
		CEDBCC9E1ABFBE49007B204D /* Sources */ = {
			isa = PBXSourcesBuildPhase;
			buildActionMask = 2147483647;
			files = (
				CEDBCCA91ABFBE49007B204D /* proBufferDemoTests.m in Sources */,
			);
			runOnlyForDeploymentPostprocessing = 0;
		};
/* End PBXSourcesBuildPhase section */

/* Begin PBXTargetDependency section */
		CEDBCCA41ABFBE49007B204D /* PBXTargetDependency */ = {
			isa = PBXTargetDependency;
			target = CEDBCC881ABFBE48007B204D /* proBufferDemo */;
			targetProxy = CEDBCCA31ABFBE49007B204D /* PBXContainerItemProxy */;
		};
/* End PBXTargetDependency section */

/* Begin PBXVariantGroup section */
		CEDBCC961ABFBE48007B204D /* Main.storyboard */ = {
			isa = PBXVariantGroup;
			children = (
				CEDBCC971ABFBE48007B204D /* Base */,
			);
			name = Main.storyboard;
			sourceTree = "<group>";
		};
		CEDBCC9B1ABFBE48007B204D /* LaunchScreen.xib */ = {
			isa = PBXVariantGroup;
			children = (
				CEDBCC9C1ABFBE48007B204D /* Base */,
			);
			name = LaunchScreen.xib;
			sourceTree = "<group>";
		};
/* End PBXVariantGroup section */

/* Begin XCBuildConfiguration section */
		CEDBCCAA1ABFBE49007B204D /* Debug */ = {
			isa = XCBuildConfiguration;
			buildSettings = {
				ALWAYS_SEARCH_USER_PATHS = NO;
				CLANG_CXX_LANGUAGE_STANDARD = "gnu++0x";
				CLANG_CXX_LIBRARY = "libc++";
				CLANG_ENABLE_MODULES = YES;
				CLANG_ENABLE_OBJC_ARC = YES;
				CLANG_WARN_BOOL_CONVERSION = YES;
				CLANG_WARN_CONSTANT_CONVERSION = YES;
				CLANG_WARN_DIRECT_OBJC_ISA_USAGE = YES_ERROR;
				CLANG_WARN_EMPTY_BODY = YES;
				CLANG_WARN_ENUM_CONVERSION = YES;
				CLANG_WARN_INT_CONVERSION = YES;
				CLANG_WARN_OBJC_ROOT_CLASS = YES_ERROR;
				CLANG_WARN_UNREACHABLE_CODE = YES;
				CLANG_WARN__DUPLICATE_METHOD_MATCH = YES;
				"CODE_SIGN_IDENTITY[sdk=iphoneos*]" = "iPhone Developer";
				COPY_PHASE_STRIP = NO;
				ENABLE_STRICT_OBJC_MSGSEND = YES;
				GCC_C_LANGUAGE_STANDARD = gnu99;
				GCC_DYNAMIC_NO_PIC = NO;
				GCC_OPTIMIZATION_LEVEL = 0;
				GCC_PREPROCESSOR_DEFINITIONS = (
					"DEBUG=1",
					"$(inherited)",
				);
				GCC_SYMBOLS_PRIVATE_EXTERN = NO;
				GCC_WARN_64_TO_32_BIT_CONVERSION = YES;
				GCC_WARN_ABOUT_RETURN_TYPE = YES_ERROR;
				GCC_WARN_UNDECLARED_SELECTOR = YES;
				GCC_WARN_UNINITIALIZED_AUTOS = YES_AGGRESSIVE;
				GCC_WARN_UNUSED_FUNCTION = YES;
				GCC_WARN_UNUSED_VARIABLE = YES;
				IPHONEOS_DEPLOYMENT_TARGET = 8.2;
				MTL_ENABLE_DEBUG_INFO = YES;
				ONLY_ACTIVE_ARCH = YES;
				SDKROOT = iphoneos;
			};
			name = Debug;
		};
		CEDBCCAB1ABFBE49007B204D /* Release */ = {
			isa = XCBuildConfiguration;
			buildSettings = {
				ALWAYS_SEARCH_USER_PATHS = NO;
				CLANG_CXX_LANGUAGE_STANDARD = "gnu++0x";
				CLANG_CXX_LIBRARY = "libc++";
				CLANG_ENABLE_MODULES = YES;
				CLANG_ENABLE_OBJC_ARC = YES;
				CLANG_WARN_BOOL_CONVERSION = YES;
				CLANG_WARN_CONSTANT_CONVERSION = YES;
				CLANG_WARN_DIRECT_OBJC_ISA_USAGE = YES_ERROR;
				CLANG_WARN_EMPTY_BODY = YES;
				CLANG_WARN_ENUM_CONVERSION = YES;
				CLANG_WARN_INT_CONVERSION = YES;
				CLANG_WARN_OBJC_ROOT_CLASS = YES_ERROR;
				CLANG_WARN_UNREACHABLE_CODE = YES;
				CLANG_WARN__DUPLICATE_METHOD_MATCH = YES;
				"CODE_SIGN_IDENTITY[sdk=iphoneos*]" = "iPhone Developer";
				COPY_PHASE_STRIP = NO;
				ENABLE_NS_ASSERTIONS = NO;
				ENABLE_STRICT_OBJC_MSGSEND = YES;
				GCC_C_LANGUAGE_STANDARD = gnu99;
				GCC_WARN_64_TO_32_BIT_CONVERSION = YES;
				GCC_WARN_ABOUT_RETURN_TYPE = YES_ERROR;
				GCC_WARN_UNDECLARED_SELECTOR = YES;
				GCC_WARN_UNINITIALIZED_AUTOS = YES_AGGRESSIVE;
				GCC_WARN_UNUSED_FUNCTION = YES;
				GCC_WARN_UNUSED_VARIABLE = YES;
				IPHONEOS_DEPLOYMENT_TARGET = 8.2;
				MTL_ENABLE_DEBUG_INFO = NO;
				SDKROOT = iphoneos;
				VALIDATE_PRODUCT = YES;
			};
			name = Release;
		};
		CEDBCCAD1ABFBE49007B204D /* Debug */ = {
			isa = XCBuildConfiguration;
			buildSettings = {
				ASSETCATALOG_COMPILER_APPICON_NAME = AppIcon;
				INFOPLIST_FILE = proBufferDemo/Info.plist;
				LD_RUNPATH_SEARCH_PATHS = "$(inherited) @executable_path/Frameworks";
				PRODUCT_NAME = "$(TARGET_NAME)";
			};
			name = Debug;
		};
		CEDBCCAE1ABFBE49007B204D /* Release */ = {
			isa = XCBuildConfiguration;
			buildSettings = {
				ASSETCATALOG_COMPILER_APPICON_NAME = AppIcon;
				INFOPLIST_FILE = proBufferDemo/Info.plist;
				LD_RUNPATH_SEARCH_PATHS = "$(inherited) @executable_path/Frameworks";
				PRODUCT_NAME = "$(TARGET_NAME)";
			};
			name = Release;
		};
		CEDBCCB01ABFBE49007B204D /* Debug */ = {
			isa = XCBuildConfiguration;
			buildSettings = {
				BUNDLE_LOADER = "$(TEST_HOST)";
				FRAMEWORK_SEARCH_PATHS = (
					"$(SDKROOT)/Developer/Library/Frameworks",
					"$(inherited)",
				);
				GCC_PREPROCESSOR_DEFINITIONS = (
					"DEBUG=1",
					"$(inherited)",
				);
				INFOPLIST_FILE = proBufferDemoTests/Info.plist;
				LD_RUNPATH_SEARCH_PATHS = "$(inherited) @executable_path/Frameworks @loader_path/Frameworks";
				PRODUCT_NAME = "$(TARGET_NAME)";
				TEST_HOST = "$(BUILT_PRODUCTS_DIR)/proBufferDemo.app/proBufferDemo";
			};
			name = Debug;
		};
		CEDBCCB11ABFBE49007B204D /* Release */ = {
			isa = XCBuildConfiguration;
			buildSettings = {
				BUNDLE_LOADER = "$(TEST_HOST)";
				FRAMEWORK_SEARCH_PATHS = (
					"$(SDKROOT)/Developer/Library/Frameworks",
					"$(inherited)",
				);
				INFOPLIST_FILE = proBufferDemoTests/Info.plist;
				LD_RUNPATH_SEARCH_PATHS = "$(inherited) @executable_path/Frameworks @loader_path/Frameworks";
				PRODUCT_NAME = "$(TARGET_NAME)";
				TEST_HOST = "$(BUILT_PRODUCTS_DIR)/proBufferDemo.app/proBufferDemo";
			};
			name = Release;
		};
/* End XCBuildConfiguration section */

/* Begin XCConfigurationList section */
		CEDBCC841ABFBE48007B204D /* Build configuration list for PBXProject "proBufferDemo" */ = {
			isa = XCConfigurationList;
			buildConfigurations = (
				CEDBCCAA1ABFBE49007B204D /* Debug */,
				CEDBCCAB1ABFBE49007B204D /* Release */,
			);
			defaultConfigurationIsVisible = 0;
			defaultConfigurationName = Release;
		};
		CEDBCCAC1ABFBE49007B204D /* Build configuration list for PBXNativeTarget "proBufferDemo" */ = {
			isa = XCConfigurationList;
			buildConfigurations = (
				CEDBCCAD1ABFBE49007B204D /* Debug */,
				CEDBCCAE1ABFBE49007B204D /* Release */,
			);
			defaultConfigurationIsVisible = 0;
		};
		CEDBCCAF1ABFBE49007B204D /* Build configuration list for PBXNativeTarget "proBufferDemoTests" */ = {
			isa = XCConfigurationList;
			buildConfigurations = (
				CEDBCCB01ABFBE49007B204D /* Debug */,
				CEDBCCB11ABFBE49007B204D /* Release */,
			);
			defaultConfigurationIsVisible = 0;
		};
/* End XCConfigurationList section */
	};
	rootObject = CEDBCC811ABFBE48007B204D /* Project object */;
}
